
Microsoft Visual Studio Solution File, Format Version 12.00
# Visual Studio 15
VisualStudioVersion = 15.0.27703.2035
MinimumVisualStudioVersion = 10.0.40219.1
Project("{FAE04EC0-301F-11D3-BF4B-00C04F79EFBC}") = "Forza Tuning Calc", "Forza Tuning Calc\Forza Tuning Calc.csproj", "{5EF423D1-7C1F-446D-B539-8D1DC32A2C89}"
EndProject
Global
	GlobalSection(SolutionConfigurationPlatforms) = preSolution
		Debug|Any CPU = Debug|Any CPU
		Release|Any CPU = Release|Any CPU
	EndGlobalSection
	GlobalSection(ProjectConfigurationPlatforms) = postSolution
		{5EF423D1-7C1F-446D-B539-8D1DC32A2C89}.Debug|Any CPU.ActiveCfg = Debug|Any CPU
		{5EF423D1-7C1F-446D-B539-8D1DC32A2C89}.Debug|Any CPU.Build.0 = Debug|Any CPU
		{5EF423D1-7C1F-446D-B539-8D1DC32A2C89}.Release|Any CPU.ActiveCfg = Release|Any CPU
		{5EF423D1-7C1F-446D-B539-8D1DC32A2C89}.Release|Any CPU.Build.0 = Release|Any CPU
	EndGlobalSection
	GlobalSection(SolutionProperties) = preSolution
		HideSolutionNode = FALSE
	EndGlobalSection
	GlobalSection(ExtensibilityGlobals) = postSolution
		SolutionGuid = {E87F686F-A2C8-434E-806F-FC3B8A6F383C}
	EndGlobalSection
EndGlobal
